
Microsoft Visual Studio Solution File, Format Version 12.00
# Visual Studio 15
VisualStudioVersion = 15.0.28010.2050
MinimumVisualStudioVersion = 10.0.40219.1
Project("{FAE04EC0-301F-11D3-BF4B-00C04F79EFBC}") = "AzusaERP", "AzusaERP.csproj", "{4679953A-4CC3-4657-8C1B-B617CD9E5403}"
EndProject
Project("{FAE04EC0-301F-11D3-BF4B-00C04F79EFBC}") = "libAzusaGraph", "..\libAzusaGraph\libAzusaGraph.csproj", "{EE06E5EF-7D5D-40B8-B5B2-3A5E9B185107}"
EndProject
Project("{FAE04EC0-301F-11D3-BF4B-00C04F79EFBC}") = "osm2azusa", "..\osm2azusa\osm2azusa.csproj", "{5304A839-22FA-4815-B941-3FCE53A20BCC}"
EndProject
Project("{FAE04EC0-301F-11D3-BF4B-00C04F79EFBC}") = "retrodb4net", "..\retrodb4net\retrodb4net.csproj", "{21DA5EE5-4376-4012-86AC-19B0B8518FF5}"
EndProject
Project("{FAE04EC0-301F-11D3-BF4B-00C04F79EFBC}") = "Steamdump", "..\Steamdump\Steamdump.csproj", "{917CB9FB-ECC6-4515-B212-781DE37BB245}"
EndProject
Project("{FAE04EC0-301F-11D3-BF4B-00C04F79EFBC}") = "vndbDumper", "..\vndbDumper\vndbDumper.csproj", "{D88B1B9F-3F87-438C-A3BD-CA02217A88BD}"
EndProject
Project("{FAE04EC0-301F-11D3-BF4B-00C04F79EFBC}") = "vgmdbDumper", "..\vgmdbDumper\vgmdbDumper.csproj", "{CA044D97-2CE8-4BAB-A247-BC5E139BEBB1}"
EndProject
Project("{FAE04EC0-301F-11D3-BF4B-00C04F79EFBC}") = "libazustreamblob", "..\libazustreamblob\libazustreamblob.csproj", "{01CE14E8-FFA2-4BE2-BD31-3696EDDE77F8}"
EndProject
Project("{2150E333-8FDC-42A3-9474-1A3956D46DE8}") = "Website Dumpers", "Website Dumpers", "{DC55C6D8-7F66-4EBA-B43A-5665FF17E908}"
EndProject
Project("{2150E333-8FDC-42A3-9474-1A3956D46DE8}") = "Tools", "Tools", "{57C9126F-FA51-4EC3-B8C6-47CC910F1742}"
EndProject
Project("{FAE04EC0-301F-11D3-BF4B-00C04F79EFBC}") = "dbPictureBlobDownscaler", "..\dbPictureBlobDownscaler\dbPictureBlobDownscaler.csproj", "{19CB4B74-C8DC-40BD-9425-2D11113D542A}"
EndProject
Project("{2150E333-8FDC-42A3-9474-1A3956D46DE8}") = "Libs", "Libs", "{F013E74A-57A6-4983-B4CE-D4745D111EE2}"
EndProject
Project("{FAE04EC0-301F-11D3-BF4B-00C04F79EFBC}") = "libazuwarc", "..\libazuwarc\libazuwarc.csproj", "{ED487336-016B-4312-BF1F-707D57382D33}"
EndProject
Project("{FAE04EC0-301F-11D3-BF4B-00C04F79EFBC}") = "libini", "..\libini\libini.csproj", "{A6E030AF-0153-43F5-BD58-43594CEFE7F4}"
EndProject
Project("{FAE04EC0-301F-11D3-BF4B-00C04F79EFBC}") = "libgrabsiteclient", "..\libgrabsiteclient\libgrabsiteclient.csproj", "{073C6E90-F83A-4212-B705-FCBF2DC73505}"
EndProject
Project("{FAE04EC0-301F-11D3-BF4B-00C04F79EFBC}") = "psxdatacenterDumper", "..\psxdatacenterDumper\psxdatacenterDumper.csproj", "{3FBD8C91-C7F9-45B2-955B-3D31190FD877}"
EndProject
Project("{FAE04EC0-301F-11D3-BF4B-00C04F79EFBC}") = "libazusax360", "..\libazusax360\libazusax360.csproj", "{59F605AD-6133-4D0B-8B23-A0B93F286DD7}"
EndProject
Project("{FAE04EC0-301F-11D3-BF4B-00C04F79EFBC}") = "libazusamcast", "..\libazusamcast\libazusamcast.csproj", "{ADBCC6D3-351A-4DC7-9B06-36FFDE893A53}"
EndProject
Project("{FAE04EC0-301F-11D3-BF4B-00C04F79EFBC}") = "myfigurecollectionDumper", "..\myfigurecollectionDumper\myfigurecollectionDumper.csproj", "{B28A0428-85AE-46E7-8795-7AF63119F39A}"
EndProject
Project("{FAE04EC0-301F-11D3-BF4B-00C04F79EFBC}") = "vocadbDumper", "..\vocadbDumper\vocadbDumper.csproj", "{72D821D4-D182-48B8-A73F-A16176FB754D}"
EndProject
Project("{FAE04EC0-301F-11D3-BF4B-00C04F79EFBC}") = "gelbooruDumper", "..\gelbooruDumper\gelbooruDumper.csproj", "{7148BA53-E8F5-4064-BDF5-91876C03E1CA}"
EndProject
Project("{FAE04EC0-301F-11D3-BF4B-00C04F79EFBC}") = "libazusadex", "..\libazudex\libazusadex.csproj", "{E67DF67B-DE84-4F95-9A0B-5C6A69DC3A86}"
EndProject
Project("{FAE04EC0-301F-11D3-BF4B-00C04F79EFBC}") = "libazuworker", "..\libazuworker\libazuworker.csproj", "{28DF4B21-81B0-49A2-ACEE-450A07C6FD52}"
EndProject
Project("{FAE04EC0-301F-11D3-BF4B-00C04F79EFBC}") = "caputil", "..\caputil\caputil.csproj", "{E1DDC39B-AF0A-4F28-9A44-034D34386555}"
EndProject
Project("{FAE04EC0-301F-11D3-BF4B-00C04F79EFBC}") = "libsnapcontentparser", "..\libsnapcontentparser\libsnapcontentparser.csproj", "{560A9910-AFF2-44EC-A1CD-093023DAB524}"
EndProject
Global
	GlobalSection(SolutionConfigurationPlatforms) = preSolution
		Debug|Any CPU = Debug|Any CPU
		Debug|x86 = Debug|x86
		Release|Any CPU = Release|Any CPU
		Release|x86 = Release|x86
	EndGlobalSection
	GlobalSection(ProjectConfigurationPlatforms) = postSolution
		{4679953A-4CC3-4657-8C1B-B617CD9E5403}.Debug|Any CPU.ActiveCfg = Debug|x86
		{4679953A-4CC3-4657-8C1B-B617CD9E5403}.Debug|Any CPU.Build.0 = Debug|x86
		{4679953A-4CC3-4657-8C1B-B617CD9E5403}.Debug|x86.ActiveCfg = Debug|x86
		{4679953A-4CC3-4657-8C1B-B617CD9E5403}.Debug|x86.Build.0 = Debug|x86
		{4679953A-4CC3-4657-8C1B-B617CD9E5403}.Release|Any CPU.ActiveCfg = Release|x86
		{4679953A-4CC3-4657-8C1B-B617CD9E5403}.Release|x86.ActiveCfg = Release|x86
		{4679953A-4CC3-4657-8C1B-B617CD9E5403}.Release|x86.Build.0 = Release|x86
		{EE06E5EF-7D5D-40B8-B5B2-3A5E9B185107}.Debug|Any CPU.ActiveCfg = Debug|Any CPU
		{EE06E5EF-7D5D-40B8-B5B2-3A5E9B185107}.Debug|Any CPU.Build.0 = Debug|Any CPU
		{EE06E5EF-7D5D-40B8-B5B2-3A5E9B185107}.Debug|x86.ActiveCfg = Debug|Any CPU
		{EE06E5EF-7D5D-40B8-B5B2-3A5E9B185107}.Debug|x86.Build.0 = Debug|Any CPU
		{EE06E5EF-7D5D-40B8-B5B2-3A5E9B185107}.Release|Any CPU.ActiveCfg = Release|Any CPU
		{EE06E5EF-7D5D-40B8-B5B2-3A5E9B185107}.Release|Any CPU.Build.0 = Release|Any CPU
		{EE06E5EF-7D5D-40B8-B5B2-3A5E9B185107}.Release|x86.ActiveCfg = Release|Any CPU
		{EE06E5EF-7D5D-40B8-B5B2-3A5E9B185107}.Release|x86.Build.0 = Release|Any CPU
		{5304A839-22FA-4815-B941-3FCE53A20BCC}.Debug|Any CPU.ActiveCfg = Debug|Any CPU
		{5304A839-22FA-4815-B941-3FCE53A20BCC}.Debug|Any CPU.Build.0 = Debug|Any CPU
		{5304A839-22FA-4815-B941-3FCE53A20BCC}.Debug|x86.ActiveCfg = Debug|Any CPU
		{5304A839-22FA-4815-B941-3FCE53A20BCC}.Debug|x86.Build.0 = Debug|Any CPU
		{5304A839-22FA-4815-B941-3FCE53A20BCC}.Release|Any CPU.ActiveCfg = Release|Any CPU
		{5304A839-22FA-4815-B941-3FCE53A20BCC}.Release|Any CPU.Build.0 = Release|Any CPU
		{5304A839-22FA-4815-B941-3FCE53A20BCC}.Release|x86.ActiveCfg = Release|Any CPU
		{5304A839-22FA-4815-B941-3FCE53A20BCC}.Release|x86.Build.0 = Release|Any CPU
		{21DA5EE5-4376-4012-86AC-19B0B8518FF5}.Debug|Any CPU.ActiveCfg = Debug|Any CPU
		{21DA5EE5-4376-4012-86AC-19B0B8518FF5}.Debug|Any CPU.Build.0 = Debug|Any CPU
		{21DA5EE5-4376-4012-86AC-19B0B8518FF5}.Debug|x86.ActiveCfg = Debug|Any CPU
		{21DA5EE5-4376-4012-86AC-19B0B8518FF5}.Debug|x86.Build.0 = Debug|Any CPU
		{21DA5EE5-4376-4012-86AC-19B0B8518FF5}.Release|Any CPU.ActiveCfg = Release|Any CPU
		{21DA5EE5-4376-4012-86AC-19B0B8518FF5}.Release|Any CPU.Build.0 = Release|Any CPU
		{21DA5EE5-4376-4012-86AC-19B0B8518FF5}.Release|x86.ActiveCfg = Release|Any CPU
		{21DA5EE5-4376-4012-86AC-19B0B8518FF5}.Release|x86.Build.0 = Release|Any CPU
		{917CB9FB-ECC6-4515-B212-781DE37BB245}.Debug|Any CPU.ActiveCfg = Debug|Any CPU
		{917CB9FB-ECC6-4515-B212-781DE37BB245}.Debug|Any CPU.Build.0 = Debug|Any CPU
		{917CB9FB-ECC6-4515-B212-781DE37BB245}.Debug|x86.ActiveCfg = Debug|Any CPU
		{917CB9FB-ECC6-4515-B212-781DE37BB245}.Debug|x86.Build.0 = Debug|Any CPU
		{917CB9FB-ECC6-4515-B212-781DE37BB245}.Release|Any CPU.ActiveCfg = Release|Any CPU
		{917CB9FB-ECC6-4515-B212-781DE37BB245}.Release|Any CPU.Build.0 = Release|Any CPU
		{917CB9FB-ECC6-4515-B212-781DE37BB245}.Release|x86.ActiveCfg = Release|Any CPU
		{917CB9FB-ECC6-4515-B212-781DE37BB245}.Release|x86.Build.0 = Release|Any CPU
		{D88B1B9F-3F87-438C-A3BD-CA02217A88BD}.Debug|Any CPU.ActiveCfg = Debug|Any CPU
		{D88B1B9F-3F87-438C-A3BD-CA02217A88BD}.Debug|Any CPU.Build.0 = Debug|Any CPU
		{D88B1B9F-3F87-438C-A3BD-CA02217A88BD}.Debug|x86.ActiveCfg = Debug|Any CPU
		{D88B1B9F-3F87-438C-A3BD-CA02217A88BD}.Debug|x86.Build.0 = Debug|Any CPU
		{D88B1B9F-3F87-438C-A3BD-CA02217A88BD}.Release|Any CPU.ActiveCfg = Release|Any CPU
		{D88B1B9F-3F87-438C-A3BD-CA02217A88BD}.Release|Any CPU.Build.0 = Release|Any CPU
		{D88B1B9F-3F87-438C-A3BD-CA02217A88BD}.Release|x86.ActiveCfg = Release|Any CPU
		{D88B1B9F-3F87-438C-A3BD-CA02217A88BD}.Release|x86.Build.0 = Release|Any CPU
		{CA044D97-2CE8-4BAB-A247-BC5E139BEBB1}.Debug|Any CPU.ActiveCfg = Debug|Any CPU
		{CA044D97-2CE8-4BAB-A247-BC5E139BEBB1}.Debug|Any CPU.Build.0 = Debug|Any CPU
		{CA044D97-2CE8-4BAB-A247-BC5E139BEBB1}.Debug|x86.ActiveCfg = Debug|Any CPU
		{CA044D97-2CE8-4BAB-A247-BC5E139BEBB1}.Debug|x86.Build.0 = Debug|Any CPU
		{CA044D97-2CE8-4BAB-A247-BC5E139BEBB1}.Release|Any CPU.ActiveCfg = Release|Any CPU
		{CA044D97-2CE8-4BAB-A247-BC5E139BEBB1}.Release|Any CPU.Build.0 = Release|Any CPU
		{CA044D97-2CE8-4BAB-A247-BC5E139BEBB1}.Release|x86.ActiveCfg = Release|Any CPU
		{CA044D97-2CE8-4BAB-A247-BC5E139BEBB1}.Release|x86.Build.0 = Release|Any CPU
		{01CE14E8-FFA2-4BE2-BD31-3696EDDE77F8}.Debug|Any CPU.ActiveCfg = Debug|Any CPU
		{01CE14E8-FFA2-4BE2-BD31-3696EDDE77F8}.Debug|Any CPU.Build.0 = Debug|Any CPU
		{01CE14E8-FFA2-4BE2-BD31-3696EDDE77F8}.Debug|x86.ActiveCfg = Debug|Any CPU
		{01CE14E8-FFA2-4BE2-BD31-3696EDDE77F8}.Debug|x86.Build.0 = Debug|Any CPU
		{01CE14E8-FFA2-4BE2-BD31-3696EDDE77F8}.Release|Any CPU.ActiveCfg = Release|Any CPU
		{01CE14E8-FFA2-4BE2-BD31-3696EDDE77F8}.Release|Any CPU.Build.0 = Release|Any CPU
		{01CE14E8-FFA2-4BE2-BD31-3696EDDE77F8}.Release|x86.ActiveCfg = Release|Any CPU
		{01CE14E8-FFA2-4BE2-BD31-3696EDDE77F8}.Release|x86.Build.0 = Release|Any CPU
		{19CB4B74-C8DC-40BD-9425-2D11113D542A}.Debug|Any CPU.ActiveCfg = Debug|Any CPU
		{19CB4B74-C8DC-40BD-9425-2D11113D542A}.Debug|Any CPU.Build.0 = Debug|Any CPU
		{19CB4B74-C8DC-40BD-9425-2D11113D542A}.Debug|x86.ActiveCfg = Debug|Any CPU
		{19CB4B74-C8DC-40BD-9425-2D11113D542A}.Debug|x86.Build.0 = Debug|Any CPU
		{19CB4B74-C8DC-40BD-9425-2D11113D542A}.Release|Any CPU.ActiveCfg = Release|Any CPU
		{19CB4B74-C8DC-40BD-9425-2D11113D542A}.Release|Any CPU.Build.0 = Release|Any CPU
		{19CB4B74-C8DC-40BD-9425-2D11113D542A}.Release|x86.ActiveCfg = Release|Any CPU
		{19CB4B74-C8DC-40BD-9425-2D11113D542A}.Release|x86.Build.0 = Release|Any CPU
		{ED487336-016B-4312-BF1F-707D57382D33}.Debug|Any CPU.ActiveCfg = Debug|Any CPU
		{ED487336-016B-4312-BF1F-707D57382D33}.Debug|Any CPU.Build.0 = Debug|Any CPU
		{ED487336-016B-4312-BF1F-707D57382D33}.Debug|x86.ActiveCfg = Debug|Any CPU
		{ED487336-016B-4312-BF1F-707D57382D33}.Debug|x86.Build.0 = Debug|Any CPU
		{ED487336-016B-4312-BF1F-707D57382D33}.Release|Any CPU.ActiveCfg = Release|Any CPU
		{ED487336-016B-4312-BF1F-707D57382D33}.Release|Any CPU.Build.0 = Release|Any CPU
		{ED487336-016B-4312-BF1F-707D57382D33}.Release|x86.ActiveCfg = Release|Any CPU
		{ED487336-016B-4312-BF1F-707D57382D33}.Release|x86.Build.0 = Release|Any CPU
		{A6E030AF-0153-43F5-BD58-43594CEFE7F4}.Debug|Any CPU.ActiveCfg = Debug|Any CPU
		{A6E030AF-0153-43F5-BD58-43594CEFE7F4}.Debug|Any CPU.Build.0 = Debug|Any CPU
		{A6E030AF-0153-43F5-BD58-43594CEFE7F4}.Debug|x86.ActiveCfg = Debug|Any CPU
		{A6E030AF-0153-43F5-BD58-43594CEFE7F4}.Debug|x86.Build.0 = Debug|Any CPU
		{A6E030AF-0153-43F5-BD58-43594CEFE7F4}.Release|Any CPU.ActiveCfg = Release|Any CPU
		{A6E030AF-0153-43F5-BD58-43594CEFE7F4}.Release|Any CPU.Build.0 = Release|Any CPU
		{A6E030AF-0153-43F5-BD58-43594CEFE7F4}.Release|x86.ActiveCfg = Release|Any CPU
		{A6E030AF-0153-43F5-BD58-43594CEFE7F4}.Release|x86.Build.0 = Release|Any CPU
		{073C6E90-F83A-4212-B705-FCBF2DC73505}.Debug|Any CPU.ActiveCfg = Debug|Any CPU
		{073C6E90-F83A-4212-B705-FCBF2DC73505}.Debug|Any CPU.Build.0 = Debug|Any CPU
		{073C6E90-F83A-4212-B705-FCBF2DC73505}.Debug|x86.ActiveCfg = Debug|Any CPU
		{073C6E90-F83A-4212-B705-FCBF2DC73505}.Debug|x86.Build.0 = Debug|Any CPU
		{073C6E90-F83A-4212-B705-FCBF2DC73505}.Release|Any CPU.ActiveCfg = Release|Any CPU
		{073C6E90-F83A-4212-B705-FCBF2DC73505}.Release|Any CPU.Build.0 = Release|Any CPU
		{073C6E90-F83A-4212-B705-FCBF2DC73505}.Release|x86.ActiveCfg = Release|Any CPU
		{073C6E90-F83A-4212-B705-FCBF2DC73505}.Release|x86.Build.0 = Release|Any CPU
		{3FBD8C91-C7F9-45B2-955B-3D31190FD877}.Debug|Any CPU.ActiveCfg = Debug|Any CPU
		{3FBD8C91-C7F9-45B2-955B-3D31190FD877}.Debug|Any CPU.Build.0 = Debug|Any CPU
		{3FBD8C91-C7F9-45B2-955B-3D31190FD877}.Debug|x86.ActiveCfg = Debug|Any CPU
		{3FBD8C91-C7F9-45B2-955B-3D31190FD877}.Debug|x86.Build.0 = Debug|Any CPU
		{3FBD8C91-C7F9-45B2-955B-3D31190FD877}.Release|Any CPU.ActiveCfg = Release|Any CPU
		{3FBD8C91-C7F9-45B2-955B-3D31190FD877}.Release|Any CPU.Build.0 = Release|Any CPU
		{3FBD8C91-C7F9-45B2-955B-3D31190FD877}.Release|x86.ActiveCfg = Release|Any CPU
		{3FBD8C91-C7F9-45B2-955B-3D31190FD877}.Release|x86.Build.0 = Release|Any CPU
		{59F605AD-6133-4D0B-8B23-A0B93F286DD7}.Debug|Any CPU.ActiveCfg = Debug|Any CPU
		{59F605AD-6133-4D0B-8B23-A0B93F286DD7}.Debug|Any CPU.Build.0 = Debug|Any CPU
		{59F605AD-6133-4D0B-8B23-A0B93F286DD7}.Debug|x86.ActiveCfg = Debug|Any CPU
		{59F605AD-6133-4D0B-8B23-A0B93F286DD7}.Debug|x86.Build.0 = Debug|Any CPU
		{59F605AD-6133-4D0B-8B23-A0B93F286DD7}.Release|Any CPU.ActiveCfg = Release|Any CPU
		{59F605AD-6133-4D0B-8B23-A0B93F286DD7}.Release|Any CPU.Build.0 = Release|Any CPU
		{59F605AD-6133-4D0B-8B23-A0B93F286DD7}.Release|x86.ActiveCfg = Release|Any CPU
		{59F605AD-6133-4D0B-8B23-A0B93F286DD7}.Release|x86.Build.0 = Release|Any CPU
		{ADBCC6D3-351A-4DC7-9B06-36FFDE893A53}.Debug|Any CPU.ActiveCfg = Debug|Any CPU
		{ADBCC6D3-351A-4DC7-9B06-36FFDE893A53}.Debug|Any CPU.Build.0 = Debug|Any CPU
		{ADBCC6D3-351A-4DC7-9B06-36FFDE893A53}.Debug|x86.ActiveCfg = Debug|Any CPU
		{ADBCC6D3-351A-4DC7-9B06-36FFDE893A53}.Debug|x86.Build.0 = Debug|Any CPU
		{ADBCC6D3-351A-4DC7-9B06-36FFDE893A53}.Release|Any CPU.ActiveCfg = Release|Any CPU
		{ADBCC6D3-351A-4DC7-9B06-36FFDE893A53}.Release|Any CPU.Build.0 = Release|Any CPU
		{ADBCC6D3-351A-4DC7-9B06-36FFDE893A53}.Release|x86.ActiveCfg = Release|Any CPU
		{ADBCC6D3-351A-4DC7-9B06-36FFDE893A53}.Release|x86.Build.0 = Release|Any CPU
		{B28A0428-85AE-46E7-8795-7AF63119F39A}.Debug|Any CPU.ActiveCfg = Debug|Any CPU
		{B28A0428-85AE-46E7-8795-7AF63119F39A}.Debug|Any CPU.Build.0 = Debug|Any CPU
		{B28A0428-85AE-46E7-8795-7AF63119F39A}.Debug|x86.ActiveCfg = Debug|Any CPU
		{B28A0428-85AE-46E7-8795-7AF63119F39A}.Debug|x86.Build.0 = Debug|Any CPU
		{B28A0428-85AE-46E7-8795-7AF63119F39A}.Release|Any CPU.ActiveCfg = Release|Any CPU
		{B28A0428-85AE-46E7-8795-7AF63119F39A}.Release|Any CPU.Build.0 = Release|Any CPU
		{B28A0428-85AE-46E7-8795-7AF63119F39A}.Release|x86.ActiveCfg = Release|Any CPU
		{B28A0428-85AE-46E7-8795-7AF63119F39A}.Release|x86.Build.0 = Release|Any CPU
		{72D821D4-D182-48B8-A73F-A16176FB754D}.Debug|Any CPU.ActiveCfg = Debug|Any CPU
		{72D821D4-D182-48B8-A73F-A16176FB754D}.Debug|Any CPU.Build.0 = Debug|Any CPU
		{72D821D4-D182-48B8-A73F-A16176FB754D}.Debug|x86.ActiveCfg = Debug|Any CPU
		{72D821D4-D182-48B8-A73F-A16176FB754D}.Debug|x86.Build.0 = Debug|Any CPU
		{72D821D4-D182-48B8-A73F-A16176FB754D}.Release|Any CPU.ActiveCfg = Release|Any CPU
		{72D821D4-D182-48B8-A73F-A16176FB754D}.Release|Any CPU.Build.0 = Release|Any CPU
		{72D821D4-D182-48B8-A73F-A16176FB754D}.Release|x86.ActiveCfg = Release|Any CPU
		{72D821D4-D182-48B8-A73F-A16176FB754D}.Release|x86.Build.0 = Release|Any CPU
		{7148BA53-E8F5-4064-BDF5-91876C03E1CA}.Debug|Any CPU.ActiveCfg = Debug|Any CPU
		{7148BA53-E8F5-4064-BDF5-91876C03E1CA}.Debug|Any CPU.Build.0 = Debug|Any CPU
		{7148BA53-E8F5-4064-BDF5-91876C03E1CA}.Debug|x86.ActiveCfg = Debug|Any CPU
		{7148BA53-E8F5-4064-BDF5-91876C03E1CA}.Debug|x86.Build.0 = Debug|Any CPU
		{7148BA53-E8F5-4064-BDF5-91876C03E1CA}.Release|Any CPU.ActiveCfg = Release|Any CPU
		{7148BA53-E8F5-4064-BDF5-91876C03E1CA}.Release|Any CPU.Build.0 = Release|Any CPU
		{7148BA53-E8F5-4064-BDF5-91876C03E1CA}.Release|x86.ActiveCfg = Release|Any CPU
		{7148BA53-E8F5-4064-BDF5-91876C03E1CA}.Release|x86.Build.0 = Release|Any CPU
		{E67DF67B-DE84-4F95-9A0B-5C6A69DC3A86}.Debug|Any CPU.ActiveCfg = Debug|Any CPU
		{E67DF67B-DE84-4F95-9A0B-5C6A69DC3A86}.Debug|Any CPU.Build.0 = Debug|Any CPU
		{E67DF67B-DE84-4F95-9A0B-5C6A69DC3A86}.Debug|x86.ActiveCfg = Debug|Any CPU
		{E67DF67B-DE84-4F95-9A0B-5C6A69DC3A86}.Debug|x86.Build.0 = Debug|Any CPU
		{E67DF67B-DE84-4F95-9A0B-5C6A69DC3A86}.Release|Any CPU.ActiveCfg = Release|Any CPU
		{E67DF67B-DE84-4F95-9A0B-5C6A69DC3A86}.Release|Any CPU.Build.0 = Release|Any CPU
		{E67DF67B-DE84-4F95-9A0B-5C6A69DC3A86}.Release|x86.ActiveCfg = Release|Any CPU
		{E67DF67B-DE84-4F95-9A0B-5C6A69DC3A86}.Release|x86.Build.0 = Release|Any CPU
		{28DF4B21-81B0-49A2-ACEE-450A07C6FD52}.Debug|Any CPU.ActiveCfg = Debug|Any CPU
		{28DF4B21-81B0-49A2-ACEE-450A07C6FD52}.Debug|Any CPU.Build.0 = Debug|Any CPU
		{28DF4B21-81B0-49A2-ACEE-450A07C6FD52}.Debug|x86.ActiveCfg = Debug|Any CPU
		{28DF4B21-81B0-49A2-ACEE-450A07C6FD52}.Debug|x86.Build.0 = Debug|Any CPU
		{28DF4B21-81B0-49A2-ACEE-450A07C6FD52}.Release|Any CPU.ActiveCfg = Release|Any CPU
		{28DF4B21-81B0-49A2-ACEE-450A07C6FD52}.Release|Any CPU.Build.0 = Release|Any CPU
		{28DF4B21-81B0-49A2-ACEE-450A07C6FD52}.Release|x86.ActiveCfg = Release|Any CPU
		{28DF4B21-81B0-49A2-ACEE-450A07C6FD52}.Release|x86.Build.0 = Release|Any CPU
		{E1DDC39B-AF0A-4F28-9A44-034D34386555}.Debug|Any CPU.ActiveCfg = Debug|Any CPU
		{E1DDC39B-AF0A-4F28-9A44-034D34386555}.Debug|Any CPU.Build.0 = Debug|Any CPU
		{E1DDC39B-AF0A-4F28-9A44-034D34386555}.Debug|x86.ActiveCfg = Debug|Any CPU
		{E1DDC39B-AF0A-4F28-9A44-034D34386555}.Debug|x86.Build.0 = Debug|Any CPU
		{E1DDC39B-AF0A-4F28-9A44-034D34386555}.Release|Any CPU.ActiveCfg = Release|Any CPU
		{E1DDC39B-AF0A-4F28-9A44-034D34386555}.Release|Any CPU.Build.0 = Release|Any CPU
		{E1DDC39B-AF0A-4F28-9A44-034D34386555}.Release|x86.ActiveCfg = Release|Any CPU
		{E1DDC39B-AF0A-4F28-9A44-034D34386555}.Release|x86.Build.0 = Release|Any CPU
		{560A9910-AFF2-44EC-A1CD-093023DAB524}.Debug|Any CPU.ActiveCfg = Debug|Any CPU
		{560A9910-AFF2-44EC-A1CD-093023DAB524}.Debug|Any CPU.Build.0 = Debug|Any CPU
		{560A9910-AFF2-44EC-A1CD-093023DAB524}.Debug|x86.ActiveCfg = Debug|Any CPU
		{560A9910-AFF2-44EC-A1CD-093023DAB524}.Debug|x86.Build.0 = Debug|Any CPU
		{560A9910-AFF2-44EC-A1CD-093023DAB524}.Release|Any CPU.ActiveCfg = Release|Any CPU
		{560A9910-AFF2-44EC-A1CD-093023DAB524}.Release|Any CPU.Build.0 = Release|Any CPU
		{560A9910-AFF2-44EC-A1CD-093023DAB524}.Release|x86.ActiveCfg = Release|Any CPU
		{560A9910-AFF2-44EC-A1CD-093023DAB524}.Release|x86.Build.0 = Release|Any CPU
	EndGlobalSection
	GlobalSection(SolutionProperties) = preSolution
		HideSolutionNode = FALSE
	EndGlobalSection
	GlobalSection(NestedProjects) = preSolution
		{EE06E5EF-7D5D-40B8-B5B2-3A5E9B185107} = {F013E74A-57A6-4983-B4CE-D4745D111EE2}
		{5304A839-22FA-4815-B941-3FCE53A20BCC} = {57C9126F-FA51-4EC3-B8C6-47CC910F1742}
		{21DA5EE5-4376-4012-86AC-19B0B8518FF5} = {F013E74A-57A6-4983-B4CE-D4745D111EE2}
		{917CB9FB-ECC6-4515-B212-781DE37BB245} = {57C9126F-FA51-4EC3-B8C6-47CC910F1742}
		{D88B1B9F-3F87-438C-A3BD-CA02217A88BD} = {DC55C6D8-7F66-4EBA-B43A-5665FF17E908}
		{CA044D97-2CE8-4BAB-A247-BC5E139BEBB1} = {DC55C6D8-7F66-4EBA-B43A-5665FF17E908}
		{01CE14E8-FFA2-4BE2-BD31-3696EDDE77F8} = {F013E74A-57A6-4983-B4CE-D4745D111EE2}
		{19CB4B74-C8DC-40BD-9425-2D11113D542A} = {57C9126F-FA51-4EC3-B8C6-47CC910F1742}
		{ED487336-016B-4312-BF1F-707D57382D33} = {F013E74A-57A6-4983-B4CE-D4745D111EE2}
		{A6E030AF-0153-43F5-BD58-43594CEFE7F4} = {F013E74A-57A6-4983-B4CE-D4745D111EE2}
		{073C6E90-F83A-4212-B705-FCBF2DC73505} = {F013E74A-57A6-4983-B4CE-D4745D111EE2}
		{3FBD8C91-C7F9-45B2-955B-3D31190FD877} = {DC55C6D8-7F66-4EBA-B43A-5665FF17E908}
		{59F605AD-6133-4D0B-8B23-A0B93F286DD7} = {F013E74A-57A6-4983-B4CE-D4745D111EE2}
		{ADBCC6D3-351A-4DC7-9B06-36FFDE893A53} = {F013E74A-57A6-4983-B4CE-D4745D111EE2}
		{B28A0428-85AE-46E7-8795-7AF63119F39A} = {DC55C6D8-7F66-4EBA-B43A-5665FF17E908}
		{72D821D4-D182-48B8-A73F-A16176FB754D} = {DC55C6D8-7F66-4EBA-B43A-5665FF17E908}
		{7148BA53-E8F5-4064-BDF5-91876C03E1CA} = {DC55C6D8-7F66-4EBA-B43A-5665FF17E908}
		{E67DF67B-DE84-4F95-9A0B-5C6A69DC3A86} = {F013E74A-57A6-4983-B4CE-D4745D111EE2}
		{28DF4B21-81B0-49A2-ACEE-450A07C6FD52} = {F013E74A-57A6-4983-B4CE-D4745D111EE2}
		{E1DDC39B-AF0A-4F28-9A44-034D34386555} = {57C9126F-FA51-4EC3-B8C6-47CC910F1742}
		{560A9910-AFF2-44EC-A1CD-093023DAB524} = {F013E74A-57A6-4983-B4CE-D4745D111EE2}
	EndGlobalSection
	GlobalSection(ExtensibilityGlobals) = postSolution
		SolutionGuid = {D8276B76-EAB3-45EE-9A6D-87AB8FE33413}
	EndGlobalSection
EndGlobal
